
Microsoft Visual Studio Solution File, Format Version 12.00
# Visual Studio 15
VisualStudioVersion = 15.0.27703.2035
MinimumVisualStudioVersion = 10.0.40219.1
Project("{FAE04EC0-301F-11D3-BF4B-00C04F79EFBC}") = "TemplateMethod", "TemplateMethod\TemplateMethod.csproj", "{3B414440-5F89-4B74-AB64-5A6E5E97A56B}"
EndProject
Global
	GlobalSection(SolutionConfigurationPlatforms) = preSolution
		Debug|Any CPU = Debug|Any CPU
		Release|Any CPU = Release|Any CPU
	EndGlobalSection
	GlobalSection(ProjectConfigurationPlatforms) = postSolution
		{3B414440-5F89-4B74-AB64-5A6E5E97A56B}.Debug|Any CPU.ActiveCfg = Debug|Any CPU
		{3B414440-5F89-4B74-AB64-5A6E5E97A56B}.Debug|Any CPU.Build.0 = Debug|Any CPU
		{3B414440-5F89-4B74-AB64-5A6E5E97A56B}.Release|Any CPU.ActiveCfg = Release|Any CPU
		{3B414440-5F89-4B74-AB64-5A6E5E97A56B}.Release|Any CPU.Build.0 = Release|Any CPU
	EndGlobalSection
	GlobalSection(SolutionProperties) = preSolution
		HideSolutionNode = FALSE
	EndGlobalSection
	GlobalSection(ExtensibilityGlobals) = postSolution
		SolutionGuid = {297FA517-C2FC-45A3-8153-C098C64A3689}
	EndGlobalSection
EndGlobal
